
Microsoft Visual Studio Solution File, Format Version 12.00
# Visual Studio Version 17
VisualStudioVersion = 17.0.31903.59
MinimumVisualStudioVersion = 10.0.40219.1
Project("{2150E333-8FDC-42A3-9474-1A3956D46DE8}") = "src", "src", "{827E0CD3-B72D-47B6-A68D-7590B98EB39B}"
EndProject
Project("{FAE04EC0-301F-11D3-BF4B-00C04F79EFBC}") = "QuickPlay.Core", "src\QuickPlay.Core\QuickPlay.Core.csproj", "{409DD3F9-CDDB-4860-9A86-771B3D01C46D}"
EndProject
Project("{FAE04EC0-301F-11D3-BF4B-00C04F79EFBC}") = "QuickPlay.Audio", "src\QuickPlay.Audio\QuickPlay.Audio.csproj", "{917BECB9-4B1B-4F3F-B1E4-65D1C9EFB12E}"
EndProject
Project("{FAE04EC0-301F-11D3-BF4B-00C04F79EFBC}") = "QuickPlay.Waveform", "src\QuickPlay.Waveform\QuickPlay.Waveform.csproj", "{1C633217-88D9-4314-8281-DF5557588CE5}"
EndProject
Project("{2150E333-8FDC-42A3-9474-1A3956D46DE8}") = "tests", "tests", "{0AB3BF05-4346-4AA6-1389-037BE0695223}"
EndProject
Project("{FAE04EC0-301F-11D3-BF4B-00C04F79EFBC}") = "QuickPlay.Tests", "tests\QuickPlay.Tests\QuickPlay.Tests.csproj", "{025A88B8-FD48-4939-A655-C4EA4DEEE632}"
EndProject
Project("{FAE04EC0-301F-11D3-BF4B-00C04F79EFBC}") = "QuickPlay.WinUI", "src\QuickPlay.WinUI\QuickPlay.WinUI.csproj", "{DBCCC8DA-3AAA-4F94-8543-98E26796EFAA}"
EndProject
Project("{2150E333-8FDC-42A3-9474-1A3956D46DE8}") = "installer", "installer", "{1860D2E4-5C43-71D5-59A5-599A4DE1DF67}"
EndProject
Project("{B7DD6F7E-DEF8-4E67-B5B7-07EF123DB6F0}") = "QuickPlay.Installer", "installer\QuickPlay.Installer\QuickPlay.Installer.wixproj", "{B7AEAFA1-9F81-4891-A05A-B804B87DB5F2}"
EndProject
Global
	GlobalSection(SolutionConfigurationPlatforms) = preSolution
		Debug|Any CPU = Debug|Any CPU
		Debug|x64 = Debug|x64
		Debug|x86 = Debug|x86
		Release|Any CPU = Release|Any CPU
		Release|x64 = Release|x64
		Release|x86 = Release|x86
	EndGlobalSection
	GlobalSection(ProjectConfigurationPlatforms) = postSolution
		{409DD3F9-CDDB-4860-9A86-771B3D01C46D}.Debug|Any CPU.ActiveCfg = Debug|Any CPU
		{409DD3F9-CDDB-4860-9A86-771B3D01C46D}.Debug|Any CPU.Build.0 = Debug|Any CPU
		{409DD3F9-CDDB-4860-9A86-771B3D01C46D}.Debug|x64.ActiveCfg = Debug|Any CPU
		{409DD3F9-CDDB-4860-9A86-771B3D01C46D}.Debug|x64.Build.0 = Debug|Any CPU
		{409DD3F9-CDDB-4860-9A86-771B3D01C46D}.Debug|x86.ActiveCfg = Debug|Any CPU
		{409DD3F9-CDDB-4860-9A86-771B3D01C46D}.Debug|x86.Build.0 = Debug|Any CPU
		{409DD3F9-CDDB-4860-9A86-771B3D01C46D}.Release|Any CPU.ActiveCfg = Release|Any CPU
		{409DD3F9-CDDB-4860-9A86-771B3D01C46D}.Release|Any CPU.Build.0 = Release|Any CPU
		{409DD3F9-CDDB-4860-9A86-771B3D01C46D}.Release|x64.ActiveCfg = Release|Any CPU
		{409DD3F9-CDDB-4860-9A86-771B3D01C46D}.Release|x64.Build.0 = Release|Any CPU
		{409DD3F9-CDDB-4860-9A86-771B3D01C46D}.Release|x86.ActiveCfg = Release|Any CPU
		{409DD3F9-CDDB-4860-9A86-771B3D01C46D}.Release|x86.Build.0 = Release|Any CPU
		{917BECB9-4B1B-4F3F-B1E4-65D1C9EFB12E}.Debug|Any CPU.ActiveCfg = Debug|Any CPU
		{917BECB9-4B1B-4F3F-B1E4-65D1C9EFB12E}.Debug|Any CPU.Build.0 = Debug|Any CPU
		{917BECB9-4B1B-4F3F-B1E4-65D1C9EFB12E}.Debug|x64.ActiveCfg = Debug|Any CPU
		{917BECB9-4B1B-4F3F-B1E4-65D1C9EFB12E}.Debug|x64.Build.0 = Debug|Any CPU
		{917BECB9-4B1B-4F3F-B1E4-65D1C9EFB12E}.Debug|x86.ActiveCfg = Debug|Any CPU
		{917BECB9-4B1B-4F3F-B1E4-65D1C9EFB12E}.Debug|x86.Build.0 = Debug|Any CPU
		{917BECB9-4B1B-4F3F-B1E4-65D1C9EFB12E}.Release|Any CPU.ActiveCfg = Release|Any CPU
		{917BECB9-4B1B-4F3F-B1E4-65D1C9EFB12E}.Release|Any CPU.Build.0 = Release|Any CPU
		{917BECB9-4B1B-4F3F-B1E4-65D1C9EFB12E}.Release|x64.ActiveCfg = Release|Any CPU
		{917BECB9-4B1B-4F3F-B1E4-65D1C9EFB12E}.Release|x64.Build.0 = Release|Any CPU
		{917BECB9-4B1B-4F3F-B1E4-65D1C9EFB12E}.Release|x86.ActiveCfg = Release|Any CPU
		{917BECB9-4B1B-4F3F-B1E4-65D1C9EFB12E}.Release|x86.Build.0 = Release|Any CPU
		{1C633217-88D9-4314-8281-DF5557588CE5}.Debug|Any CPU.ActiveCfg = Debug|Any CPU
		{1C633217-88D9-4314-8281-DF5557588CE5}.Debug|Any CPU.Build.0 = Debug|Any CPU
		{1C633217-88D9-4314-8281-DF5557588CE5}.Debug|x64.ActiveCfg = Debug|Any CPU
		{1C633217-88D9-4314-8281-DF5557588CE5}.Debug|x64.Build.0 = Debug|Any CPU
		{1C633217-88D9-4314-8281-DF5557588CE5}.Debug|x86.ActiveCfg = Debug|Any CPU
		{1C633217-88D9-4314-8281-DF5557588CE5}.Debug|x86.Build.0 = Debug|Any CPU
		{1C633217-88D9-4314-8281-DF5557588CE5}.Release|Any CPU.ActiveCfg = Release|Any CPU
		{1C633217-88D9-4314-8281-DF5557588CE5}.Release|Any CPU.Build.0 = Release|Any CPU
		{1C633217-88D9-4314-8281-DF5557588CE5}.Release|x64.ActiveCfg = Release|Any CPU
		{1C633217-88D9-4314-8281-DF5557588CE5}.Release|x64.Build.0 = Release|Any CPU
		{1C633217-88D9-4314-8281-DF5557588CE5}.Release|x86.ActiveCfg = Release|Any CPU
		{1C633217-88D9-4314-8281-DF5557588CE5}.Release|x86.Build.0 = Release|Any CPU
		{025A88B8-FD48-4939-A655-C4EA4DEEE632}.Debug|Any CPU.ActiveCfg = Debug|Any CPU
		{025A88B8-FD48-4939-A655-C4EA4DEEE632}.Debug|Any CPU.Build.0 = Debug|Any CPU
		{025A88B8-FD48-4939-A655-C4EA4DEEE632}.Debug|x64.ActiveCfg = Debug|Any CPU
		{025A88B8-FD48-4939-A655-C4EA4DEEE632}.Debug|x64.Build.0 = Debug|Any CPU
		{025A88B8-FD48-4939-A655-C4EA4DEEE632}.Debug|x86.ActiveCfg = Debug|Any CPU
		{025A88B8-FD48-4939-A655-C4EA4DEEE632}.Debug|x86.Build.0 = Debug|Any CPU
		{025A88B8-FD48-4939-A655-C4EA4DEEE632}.Release|Any CPU.ActiveCfg = Release|Any CPU
		{025A88B8-FD48-4939-A655-C4EA4DEEE632}.Release|Any CPU.Build.0 = Release|Any CPU
		{025A88B8-FD48-4939-A655-C4EA4DEEE632}.Release|x64.ActiveCfg = Release|Any CPU
		{025A88B8-FD48-4939-A655-C4EA4DEEE632}.Release|x64.Build.0 = Release|Any CPU
		{025A88B8-FD48-4939-A655-C4EA4DEEE632}.Release|x86.ActiveCfg = Release|Any CPU
		{025A88B8-FD48-4939-A655-C4EA4DEEE632}.Release|x86.Build.0 = Release|Any CPU
		{DBCCC8DA-3AAA-4F94-8543-98E26796EFAA}.Debug|Any CPU.ActiveCfg = Debug|x64
		{DBCCC8DA-3AAA-4F94-8543-98E26796EFAA}.Debug|Any CPU.Build.0 = Debug|x64
		{DBCCC8DA-3AAA-4F94-8543-98E26796EFAA}.Debug|x64.ActiveCfg = Debug|x64
		{DBCCC8DA-3AAA-4F94-8543-98E26796EFAA}.Debug|x64.Build.0 = Debug|x64
		{DBCCC8DA-3AAA-4F94-8543-98E26796EFAA}.Debug|x86.ActiveCfg = Debug|x64
		{DBCCC8DA-3AAA-4F94-8543-98E26796EFAA}.Debug|x86.Build.0 = Debug|x64
		{DBCCC8DA-3AAA-4F94-8543-98E26796EFAA}.Release|Any CPU.ActiveCfg = Release|x64
		{DBCCC8DA-3AAA-4F94-8543-98E26796EFAA}.Release|Any CPU.Build.0 = Release|x64
		{DBCCC8DA-3AAA-4F94-8543-98E26796EFAA}.Release|x64.ActiveCfg = Release|x64
		{DBCCC8DA-3AAA-4F94-8543-98E26796EFAA}.Release|x64.Build.0 = Release|x64
		{DBCCC8DA-3AAA-4F94-8543-98E26796EFAA}.Release|x86.ActiveCfg = Release|x64
		{DBCCC8DA-3AAA-4F94-8543-98E26796EFAA}.Release|x86.Build.0 = Release|x64
		{B7AEAFA1-9F81-4891-A05A-B804B87DB5F2}.Debug|Any CPU.ActiveCfg = Debug|x64
		{B7AEAFA1-9F81-4891-A05A-B804B87DB5F2}.Debug|Any CPU.Build.0 = Debug|x64
		{B7AEAFA1-9F81-4891-A05A-B804B87DB5F2}.Debug|x64.ActiveCfg = Debug|x64
		{B7AEAFA1-9F81-4891-A05A-B804B87DB5F2}.Debug|x64.Build.0 = Debug|x64
		{B7AEAFA1-9F81-4891-A05A-B804B87DB5F2}.Debug|x86.ActiveCfg = Debug|x64
		{B7AEAFA1-9F81-4891-A05A-B804B87DB5F2}.Debug|x86.Build.0 = Debug|x64
		{B7AEAFA1-9F81-4891-A05A-B804B87DB5F2}.Release|Any CPU.ActiveCfg = Release|x64
		{B7AEAFA1-9F81-4891-A05A-B804B87DB5F2}.Release|Any CPU.Build.0 = Release|x64
		{B7AEAFA1-9F81-4891-A05A-B804B87DB5F2}.Release|x64.ActiveCfg = Release|x64
		{B7AEAFA1-9F81-4891-A05A-B804B87DB5F2}.Release|x64.Build.0 = Release|x64
		{B7AEAFA1-9F81-4891-A05A-B804B87DB5F2}.Release|x86.ActiveCfg = Release|x64
		{B7AEAFA1-9F81-4891-A05A-B804B87DB5F2}.Release|x86.Build.0 = Release|x64
	EndGlobalSection
	GlobalSection(SolutionProperties) = preSolution
		HideSolutionNode = FALSE
	EndGlobalSection
	GlobalSection(NestedProjects) = preSolution
		{409DD3F9-CDDB-4860-9A86-771B3D01C46D} = {827E0CD3-B72D-47B6-A68D-7590B98EB39B}
		{917BECB9-4B1B-4F3F-B1E4-65D1C9EFB12E} = {827E0CD3-B72D-47B6-A68D-7590B98EB39B}
		{1C633217-88D9-4314-8281-DF5557588CE5} = {827E0CD3-B72D-47B6-A68D-7590B98EB39B}
		{025A88B8-FD48-4939-A655-C4EA4DEEE632} = {0AB3BF05-4346-4AA6-1389-037BE0695223}
		{DBCCC8DA-3AAA-4F94-8543-98E26796EFAA} = {827E0CD3-B72D-47B6-A68D-7590B98EB39B}
		{B7AEAFA1-9F81-4891-A05A-B804B87DB5F2} = {1860D2E4-5C43-71D5-59A5-599A4DE1DF67}
	EndGlobalSection
EndGlobal
